
Microsoft Visual Studio Solution File, Format Version 12.00
# Visual Studio 15
VisualStudioVersion = 15.0.26730.12
MinimumVisualStudioVersion = 10.0.40219.1
Project("{FAE04EC0-301F-11D3-BF4B-00C04F79EFBC}") = "DotNetLogger", "DotNetLogger\DotNetLogger.csproj", "{978C0F15-8AFD-4B40-97C0-48E0603D3D49}"
EndProject
Global
	GlobalSection(SolutionConfigurationPlatforms) = preSolution
		Debug|Any CPU = Debug|Any CPU
		Release|Any CPU = Release|Any CPU
	EndGlobalSection
	GlobalSection(ProjectConfigurationPlatforms) = postSolution
		{978C0F15-8AFD-4B40-97C0-48E0603D3D49}.Debug|Any CPU.ActiveCfg = Debug|Any CPU
		{978C0F15-8AFD-4B40-97C0-48E0603D3D49}.Debug|Any CPU.Build.0 = Debug|Any CPU
		{978C0F15-8AFD-4B40-97C0-48E0603D3D49}.Release|Any CPU.ActiveCfg = Release|Any CPU
		{978C0F15-8AFD-4B40-97C0-48E0603D3D49}.Release|Any CPU.Build.0 = Release|Any CPU
	EndGlobalSection
	GlobalSection(SolutionProperties) = preSolution
		HideSolutionNode = FALSE
	EndGlobalSection
	GlobalSection(ExtensibilityGlobals) = postSolution
		SolutionGuid = {ADBF46A8-9725-4BAA-9F28-4D7A90CB06F8}
	EndGlobalSection
EndGlobal
